
Microsoft Visual Studio Solution File, Format Version 12.00
# Visual Studio Version 16
VisualStudioVersion = 16.0.31829.152
MinimumVisualStudioVersion = 10.0.40219.1
Project("{FAE04EC0-301F-11D3-BF4B-00C04F79EFBC}") = "Wpf_task_1", "Wpf_task_1\Wpf_task_1.csproj", "{48B1F2BD-1E5C-415F-B794-7BB057696467}"
EndProject
Global
	GlobalSection(SolutionConfigurationPlatforms) = preSolution
		Debug|Any CPU = Debug|Any CPU
		Release|Any CPU = Release|Any CPU
	EndGlobalSection
	GlobalSection(ProjectConfigurationPlatforms) = postSolution
		{48B1F2BD-1E5C-415F-B794-7BB057696467}.Debug|Any CPU.ActiveCfg = Debug|Any CPU
		{48B1F2BD-1E5C-415F-B794-7BB057696467}.Debug|Any CPU.Build.0 = Debug|Any CPU
		{48B1F2BD-1E5C-415F-B794-7BB057696467}.Release|Any CPU.ActiveCfg = Release|Any CPU
		{48B1F2BD-1E5C-415F-B794-7BB057696467}.Release|Any CPU.Build.0 = Release|Any CPU
	EndGlobalSection
	GlobalSection(SolutionProperties) = preSolution
		HideSolutionNode = FALSE
	EndGlobalSection
	GlobalSection(ExtensibilityGlobals) = postSolution
		SolutionGuid = {307FF2C2-15DC-4B44-BAB2-932A9E4E76FD}
	EndGlobalSection
EndGlobal
